// !$*UTF8*$!
{
	archiveVersion = 1;
	classes = {
	};
	objectVersion = 50;
	objects = {

/* Begin PBXBuildFile section */
		0021FC922233F7960023AB68 /* Concentration.swift in Sources */ = {isa = PBXBuildFile; fileRef = 0021FC912233F7960023AB68 /* Concentration.swift */; };
		0021FC942233F8360023AB68 /* Card.swift in Sources */ = {isa = PBXBuildFile; fileRef = 0021FC932233F8360023AB68 /* Card.swift */; };
		008F485422398AB6009648AA /* UIColor+Colors.swift in Sources */ = {isa = PBXBuildFile; fileRef = 008F485322398AB6009648AA /* UIColor+Colors.swift */; };
		008F485722398C12009648AA /* String+StaticText.swift in Sources */ = {isa = PBXBuildFile; fileRef = 008F485622398C12009648AA /* String+StaticText.swift */; };
		008F485B2239936A009648AA /* Themes.swift in Sources */ = {isa = PBXBuildFile; fileRef = 008F485A2239936A009648AA /* Themes.swift */; };
		008F485D223B07FD009648AA /* Int+Numbers.swift in Sources */ = {isa = PBXBuildFile; fileRef = 008F485C223B07FD009648AA /* Int+Numbers.swift */; };
		00F247732232B156001639AE /* AppDelegate.swift in Sources */ = {isa = PBXBuildFile; fileRef = 00F247722232B156001639AE /* AppDelegate.swift */; };
		00F247752232B156001639AE /* ViewController.swift in Sources */ = {isa = PBXBuildFile; fileRef = 00F247742232B156001639AE /* ViewController.swift */; };
		00F247782232B156001639AE /* Main.storyboard in Resources */ = {isa = PBXBuildFile; fileRef = 00F247762232B156001639AE /* Main.storyboard */; };
		00F2477A2232B15D001639AE /* Assets.xcassets in Resources */ = {isa = PBXBuildFile; fileRef = 00F247792232B15D001639AE /* Assets.xcassets */; };
		00F2477D2232B15D001639AE /* LaunchScreen.storyboard in Resources */ = {isa = PBXBuildFile; fileRef = 00F2477B2232B15D001639AE /* LaunchScreen.storyboard */; };
/* End PBXBuildFile section */

/* Begin PBXFileReference section */
		0021FC912233F7960023AB68 /* Concentration.swift */ = {isa = PBXFileReference; lastKnownFileType = sourcecode.swift; path = Concentration.swift; sourceTree = "<group>"; };
		0021FC932233F8360023AB68 /* Card.swift */ = {isa = PBXFileReference; lastKnownFileType = sourcecode.swift; path = Card.swift; sourceTree = "<group>"; };
		008F485322398AB6009648AA /* UIColor+Colors.swift */ = {isa = PBXFileReference; lastKnownFileType = sourcecode.swift; path = "UIColor+Colors.swift"; sourceTree = "<group>"; };
		008F485622398C12009648AA /* String+StaticText.swift */ = {isa = PBXFileReference; lastKnownFileType = sourcecode.swift; path = "String+StaticText.swift"; sourceTree = "<group>"; };
		008F485A2239936A009648AA /* Themes.swift */ = {isa = PBXFileReference; lastKnownFileType = sourcecode.swift; path = Themes.swift; sourceTree = "<group>"; };
		008F485C223B07FD009648AA /* Int+Numbers.swift */ = {isa = PBXFileReference; lastKnownFileType = sourcecode.swift; path = "Int+Numbers.swift"; sourceTree = "<group>"; };
		00F2476F2232B156001639AE /* Concentration.app */ = {isa = PBXFileReference; explicitFileType = wrapper.application; includeInIndex = 0; path = Concentration.app; sourceTree = BUILT_PRODUCTS_DIR; };
		00F247722232B156001639AE /* AppDelegate.swift */ = {isa = PBXFileReference; lastKnownFileType = sourcecode.swift; path = AppDelegate.swift; sourceTree = "<group>"; };
		00F247742232B156001639AE /* ViewController.swift */ = {isa = PBXFileReference; lastKnownFileType = sourcecode.swift; path = ViewController.swift; sourceTree = "<group>"; };
		00F247772232B156001639AE /* Base */ = {isa = PBXFileReference; lastKnownFileType = file.storyboard; name = Base; path = Base.lproj/Main.storyboard; sourceTree = "<group>"; };
		00F247792232B15D001639AE /* Assets.xcassets */ = {isa = PBXFileReference; lastKnownFileType = folder.assetcatalog; path = Assets.xcassets; sourceTree = "<group>"; };
		00F2477C2232B15D001639AE /* Base */ = {isa = PBXFileReference; lastKnownFileType = file.storyboard; name = Base; path = Base.lproj/LaunchScreen.storyboard; sourceTree = "<group>"; };
		00F2477E2232B15D001639AE /* Info.plist */ = {isa = PBXFileReference; lastKnownFileType = text.plist.xml; path = Info.plist; sourceTree = "<group>"; };
/* End PBXFileReference section */

/* Begin PBXFrameworksBuildPhase section */
		00F2476C2232B156001639AE /* Frameworks */ = {
			isa = PBXFrameworksBuildPhase;
			buildActionMask = 2147483647;
			files = (
			);
			runOnlyForDeploymentPostprocessing = 0;
		};
/* End PBXFrameworksBuildPhase section */

/* Begin PBXGroup section */
		0021FC902233F70A0023AB68 /* Support */ = {
			isa = PBXGroup;
			children = (
				00F2477B2232B15D001639AE /* LaunchScreen.storyboard */,
				00F247792232B15D001639AE /* Assets.xcassets */,
				00F247722232B156001639AE /* AppDelegate.swift */,
			);
			path = Support;
			sourceTree = "<group>";
		};
		008F484F223989BE009648AA /* Storyboard */ = {
			isa = PBXGroup;
			children = (
				00F247762232B156001639AE /* Main.storyboard */,
			);
			path = Storyboard;
			sourceTree = "<group>";
		};
		008F4851223989F7009648AA /* ViewController */ = {
			isa = PBXGroup;
			children = (
				008F485222398A31009648AA /* Extensions */,
				00F247742232B156001639AE /* ViewController.swift */,
			);
			path = ViewController;
			sourceTree = "<group>";
		};
		008F485222398A31009648AA /* Extensions */ = {
			isa = PBXGroup;
			children = (
				008F485322398AB6009648AA /* UIColor+Colors.swift */,
				008F485622398C12009648AA /* String+StaticText.swift */,
				008F485C223B07FD009648AA /* Int+Numbers.swift */,
			);
			path = Extensions;
			sourceTree = "<group>";
		};
		00F247662232B156001639AE = {
			isa = PBXGroup;
			children = (
				00F247712232B156001639AE /* Concentration */,
				00F247702232B156001639AE /* Products */,
			);
			sourceTree = "<group>";
		};
		00F247702232B156001639AE /* Products */ = {
			isa = PBXGroup;
			children = (
				00F2476F2232B156001639AE /* Concentration.app */,
			);
			name = Products;
			sourceTree = "<group>";
		};
		00F247712232B156001639AE /* Concentration */ = {
			isa = PBXGroup;
			children = (
				008F4851223989F7009648AA /* ViewController */,
				008F484F223989BE009648AA /* Storyboard */,
				0021FC902233F70A0023AB68 /* Support */,
				0021FC912233F7960023AB68 /* Concentration.swift */,
				0021FC932233F8360023AB68 /* Card.swift */,
				00F2477E2232B15D001639AE /* Info.plist */,
				008F485A2239936A009648AA /* Themes.swift */,
			);
			path = Concentration;
			sourceTree = "<group>";
		};
/* End PBXGroup section */

/* Begin PBXNativeTarget section */
		00F2476E2232B156001639AE /* Concentration */ = {
			isa = PBXNativeTarget;
			buildConfigurationList = 00F247812232B15D001639AE /* Build configuration list for PBXNativeTarget "Concentration" */;
			buildPhases = (
				00F2476B2232B156001639AE /* Sources */,
				00F2476C2232B156001639AE /* Frameworks */,
				00F2476D2232B156001639AE /* Resources */,
			);
			buildRules = (
			);
			dependencies = (
			);
			name = Concentration;
			productName = Concentration;
			productReference = 00F2476F2232B156001639AE /* Concentration.app */;
			productType = "com.apple.product-type.application";
		};
/* End PBXNativeTarget section */

/* Begin PBXProject section */
		00F247672232B156001639AE /* Project object */ = {
			isa = PBXProject;
			attributes = {
				LastSwiftUpdateCheck = 1010;
				LastUpgradeCheck = 1010;
				ORGANIZATIONNAME = "Vlad Tarasevich";
				TargetAttributes = {
					00F2476E2232B156001639AE = {
						CreatedOnToolsVersion = 10.1;
					};
				};
			};
			buildConfigurationList = 00F2476A2232B156001639AE /* Build configuration list for PBXProject "Concentration" */;
			compatibilityVersion = "Xcode 9.3";
			developmentRegion = en;
			hasScannedForEncodings = 0;
			knownRegions = (
				en,
				Base,
			);
			mainGroup = 00F247662232B156001639AE;
			productRefGroup = 00F247702232B156001639AE /* Products */;
			projectDirPath = "";
			projectRoot = "";
			targets = (
				00F2476E2232B156001639AE /* Concentration */,
			);
		};
/* End PBXProject section */

/* Begin PBXResourcesBuildPhase section */
		00F2476D2232B156001639AE /* Resources */ = {
			isa = PBXResourcesBuildPhase;
			buildActionMask = 2147483647;
			files = (
				00F2477D2232B15D001639AE /* LaunchScreen.storyboard in Resources */,
				00F2477A2232B15D001639AE /* Assets.xcassets in Resources */,
				00F247782232B156001639AE /* Main.storyboard in Resources */,
			);
			runOnlyForDeploymentPostprocessing = 0;
		};
/* End PBXResourcesBuildPhase section */

/* Begin PBXSourcesBuildPhase section */
		00F2476B2232B156001639AE /* Sources */ = {
			isa = PBXSourcesBuildPhase;
			buildActionMask = 2147483647;
			files = (
				008F485B2239936A009648AA /* Themes.swift in Sources */,
				00F247752232B156001639AE /* ViewController.swift in Sources */,
				00F247732232B156001639AE /* AppDelegate.swift in Sources */,
				008F485422398AB6009648AA /* UIColor+Colors.swift in Sources */,
				0021FC922233F7960023AB68 /* Concentration.swift in Sources */,
				0021FC942233F8360023AB68 /* Card.swift in Sources */,
				008F485D223B07FD009648AA /* Int+Numbers.swift in Sources */,
				008F485722398C12009648AA /* String+StaticText.swift in Sources */,
			);
			runOnlyForDeploymentPostprocessing = 0;
		};
/* End PBXSourcesBuildPhase section */

/* Begin PBXVariantGroup section */
		00F247762232B156001639AE /* Main.storyboard */ = {
			isa = PBXVariantGroup;
			children = (
				00F247772232B156001639AE /* Base */,
			);
			name = Main.storyboard;
			sourceTree = "<group>";
		};
		00F2477B2232B15D001639AE /* LaunchScreen.storyboard */ = {
			isa = PBXVariantGroup;
			children = (
				00F2477C2232B15D001639AE /* Base */,
			);
			name = LaunchScreen.storyboard;
			sourceTree = "<group>";
		};
/* End PBXVariantGroup section */

/* Begin XCBuildConfiguration section */
		00F2477F2232B15D001639AE /* Debug */ = {
			isa = XCBuildConfiguration;
			buildSettings = {
				ALWAYS_SEARCH_USER_PATHS = NO;
				CLANG_ANALYZER_NONNULL = YES;
				CLANG_ANALYZER_NUMBER_OBJECT_CONVERSION = YES_AGGRESSIVE;
				CLANG_CXX_LANGUAGE_STANDARD = "gnu++14";
				CLANG_CXX_LIBRARY = "libc++";
				CLANG_ENABLE_MODULES = YES;
				CLANG_ENABLE_OBJC_ARC = YES;
				CLANG_ENABLE_OBJC_WEAK = YES;
				CLANG_WARN_BLOCK_CAPTURE_AUTORELEASING = YES;
				CLANG_WARN_BOOL_CONVERSION = YES;
				CLANG_WARN_COMMA = YES;
				CLANG_WARN_CONSTANT_CONVERSION = YES;
				CLANG_WARN_DEPRECATED_OBJC_IMPLEMENTATIONS = YES;
				CLANG_WARN_DIRECT_OBJC_ISA_USAGE = YES_ERROR;
				CLANG_WARN_DOCUMENTATION_COMMENTS = YES;
				CLANG_WARN_EMPTY_BODY = YES;
				CLANG_WARN_ENUM_CONVERSION = YES;
				CLANG_WARN_INFINITE_RECURSION = YES;
				CLANG_WARN_INT_CONVERSION = YES;
				CLANG_WARN_NON_LITERAL_NULL_CONVERSION = YES;
				CLANG_WARN_OBJC_IMPLICIT_RETAIN_SELF = YES;
				CLANG_WARN_OBJC_LITERAL_CONVERSION = YES;
				CLANG_WARN_OBJC_ROOT_CLASS = YES_ERROR;
				CLANG_WARN_RANGE_LOOP_ANALYSIS = YES;
				CLANG_WARN_STRICT_PROTOTYPES = YES;
				CLANG_WARN_SUSPICIOUS_MOVE = YES;
				CLANG_WARN_UNGUARDED_AVAILABILITY = YES_AGGRESSIVE;
				CLANG_WARN_UNREACHABLE_CODE = YES;
				CLANG_WARN__DUPLICATE_METHOD_MATCH = YES;
				CODE_SIGN_IDENTITY = "iPhone Developer";
				COPY_PHASE_STRIP = NO;
				DEBUG_INFORMATION_FORMAT = dwarf;
				ENABLE_STRICT_OBJC_MSGSEND = YES;
				ENABLE_TESTABILITY = YES;
				GCC_C_LANGUAGE_STANDARD = gnu11;
				GCC_DYNAMIC_NO_PIC = NO;
				GCC_NO_COMMON_BLOCKS = YES;
				GCC_OPTIMIZATION_LEVEL = 0;
				GCC_PREPROCESSOR_DEFINITIONS = (
					"DEBUG=1",
					"$(inherited)",
				);
				GCC_WARN_64_TO_32_BIT_CONVERSION = YES;
				GCC_WARN_ABOUT_RETURN_TYPE = YES_ERROR;
				GCC_WARN_UNDECLARED_SELECTOR = YES;
				GCC_WARN_UNINITIALIZED_AUTOS = YES_AGGRESSIVE;
				GCC_WARN_UNUSED_FUNCTION = YES;
				GCC_WARN_UNUSED_VARIABLE = YES;
				IPHONEOS_DEPLOYMENT_TARGET = 12.1;
				MTL_ENABLE_DEBUG_INFO = INCLUDE_SOURCE;
				MTL_FAST_MATH = YES;
				ONLY_ACTIVE_ARCH = YES;
				SDKROOT = iphoneos;
				SWIFT_ACTIVE_COMPILATION_CONDITIONS = DEBUG;
				SWIFT_OPTIMIZATION_LEVEL = "-Onone";
			};
			name = Debug;
		};
		00F247802232B15D001639AE /* Release */ = {
			isa = XCBuildConfiguration;
			buildSettings = {
				ALWAYS_SEARCH_USER_PATHS = NO;
				CLANG_ANALYZER_NONNULL = YES;
				CLANG_ANALYZER_NUMBER_OBJECT_CONVERSION = YES_AGGRESSIVE;
				CLANG_CXX_LANGUAGE_STANDARD = "gnu++14";
				CLANG_CXX_LIBRARY = "libc++";
				CLANG_ENABLE_MODULES = YES;
				CLANG_ENABLE_OBJC_ARC = YES;
				CLANG_ENABLE_OBJC_WEAK = YES;
				CLANG_WARN_BLOCK_CAPTURE_AUTORELEASING = YES;
				CLANG_WARN_BOOL_CONVERSION = YES;
				CLANG_WARN_COMMA = YES;
				CLANG_WARN_CONSTANT_CONVERSION = YES;
				CLANG_WARN_DEPRECATED_OBJC_IMPLEMENTATIONS = YES;
				CLANG_WARN_DIRECT_OBJC_ISA_USAGE = YES_ERROR;
				CLANG_WARN_DOCUMENTATION_COMMENTS = YES;
				CLANG_WARN_EMPTY_BODY = YES;
				CLANG_WARN_ENUM_CONVERSION = YES;
				CLANG_WARN_INFINITE_RECURSION = YES;
				CLANG_WARN_INT_CONVERSION = YES;
				CLANG_WARN_NON_LITERAL_NULL_CONVERSION = YES;
				CLANG_WARN_OBJC_IMPLICIT_RETAIN_SELF = YES;
				CLANG_WARN_OBJC_LITERAL_CONVERSION = YES;
				CLANG_WARN_OBJC_ROOT_CLASS = YES_ERROR;
				CLANG_WARN_RANGE_LOOP_ANALYSIS = YES;
				CLANG_WARN_STRICT_PROTOTYPES = YES;
				CLANG_WARN_SUSPICIOUS_MOVE = YES;
				CLANG_WARN_UNGUARDED_AVAILABILITY = YES_AGGRESSIVE;
				CLANG_WARN_UNREACHABLE_CODE = YES;
				CLANG_WARN__DUPLICATE_METHOD_MATCH = YES;
				CODE_SIGN_IDENTITY = "iPhone Developer";
				COPY_PHASE_STRIP = NO;
				DEBUG_INFORMATION_FORMAT = "dwarf-with-dsym";
				ENABLE_NS_ASSERTIONS = NO;
				ENABLE_STRICT_OBJC_MSGSEND = YES;
				GCC_C_LANGUAGE_STANDARD = gnu11;
				GCC_NO_COMMON_BLOCKS = YES;
				GCC_WARN_64_TO_32_BIT_CONVERSION = YES;
				GCC_WARN_ABOUT_RETURN_TYPE = YES_ERROR;
				GCC_WARN_UNDECLARED_SELECTOR = YES;
				GCC_WARN_UNINITIALIZED_AUTOS = YES_AGGRESSIVE;
				GCC_WARN_UNUSED_FUNCTION = YES;
				GCC_WARN_UNUSED_VARIABLE = YES;
				IPHONEOS_DEPLOYMENT_TARGET = 12.1;
				MTL_ENABLE_DEBUG_INFO = NO;
				MTL_FAST_MATH = YES;
				SDKROOT = iphoneos;
				SWIFT_COMPILATION_MODE = wholemodule;
				SWIFT_OPTIMIZATION_LEVEL = "-O";
				VALIDATE_PRODUCT = YES;
			};
			name = Release;
		};
		00F247822232B15D001639AE /* Debug */ = {
			isa = XCBuildConfiguration;
			buildSettings = {
				ASSETCATALOG_COMPILER_APPICON_NAME = AppIcon;
				CODE_SIGN_IDENTITY = "iPhone Developer";
				CODE_SIGN_STYLE = Automatic;
				DEVELOPMENT_TEAM = ZPNFSD9RWC;
				INFOPLIST_FILE = Concentration/Info.plist;
				IPHONEOS_DEPLOYMENT_TARGET = 10.3;
				LD_RUNPATH_SEARCH_PATHS = (
					"$(inherited)",
					"@executable_path/Frameworks",
				);
				PRODUCT_BUNDLE_IDENTIFIER = vstarasevich.Concentration;
				PRODUCT_NAME = "$(TARGET_NAME)";
				PROVISIONING_PROFILE_SPECIFIER = "";
				SWIFT_VERSION = 4.2;
				TARGETED_DEVICE_FAMILY = "1,2";
			};
			name = Debug;
		};
		00F247832232B15D001639AE /* Release */ = {
			isa = XCBuildConfiguration;
			buildSettings = {
				ASSETCATALOG_COMPILER_APPICON_NAME = AppIcon;
				CODE_SIGN_IDENTITY = "iPhone Developer";
				CODE_SIGN_STYLE = Automatic;
				DEVELOPMENT_TEAM = ZPNFSD9RWC;
				INFOPLIST_FILE = Concentration/Info.plist;
				IPHONEOS_DEPLOYMENT_TARGET = 10.3;
				LD_RUNPATH_SEARCH_PATHS = (
					"$(inherited)",
					"@executable_path/Frameworks",
				);
				PRODUCT_BUNDLE_IDENTIFIER = vstarasevich.Concentration;
				PRODUCT_NAME = "$(TARGET_NAME)";
				PROVISIONING_PROFILE_SPECIFIER = "";
				SWIFT_VERSION = 4.2;
				TARGETED_DEVICE_FAMILY = "1,2";
			};
			name = Release;
		};
/* End XCBuildConfiguration section */

/* Begin XCConfigurationList section */
		00F2476A2232B156001639AE /* Build configuration list for PBXProject "Concentration" */ = {
			isa = XCConfigurationList;
			buildConfigurations = (
				00F2477F2232B15D001639AE /* Debug */,
				00F247802232B15D001639AE /* Release */,
			);
			defaultConfigurationIsVisible = 0;
			defaultConfigurationName = Release;
		};
		00F247812232B15D001639AE /* Build configuration list for PBXNativeTarget "Concentration" */ = {
			isa = XCConfigurationList;
			buildConfigurations = (
				00F247822232B15D001639AE /* Debug */,
				00F247832232B15D001639AE /* Release */,
			);
			defaultConfigurationIsVisible = 0;
			defaultConfigurationName = Release;
		};
/* End XCConfigurationList section */
	};
	rootObject = 00F247672232B156001639AE /* Project object */;
}
