// !$*UTF8*$!
{
	archiveVersion = 1;
	classes = {
	};
	objectVersion = 50;
	objects = {

/* Begin PBXBuildFile section */
		999820FD23D7A52B00C58E82 /* LaunchScreen.storyboard in Resources */ = {isa = PBXBuildFile; fileRef = 999820EE23D7A52B00C58E82 /* LaunchScreen.storyboard */; };
		999820FE23D7A52B00C58E82 /* Assets.xcassets in Resources */ = {isa = PBXBuildFile; fileRef = 999820EF23D7A52B00C58E82 /* Assets.xcassets */; };
		999820FF23D7A52B00C58E82 /* AppDelegate.swift in Sources */ = {isa = PBXBuildFile; fileRef = 999820F023D7A52B00C58E82 /* AppDelegate.swift */; };
		9998210023D7A52B00C58E82 /* Concentration.swift in Sources */ = {isa = PBXBuildFile; fileRef = 999820F223D7A52B00C58E82 /* Concentration.swift */; };
		9998210123D7A52B00C58E82 /* Themes.swift in Sources */ = {isa = PBXBuildFile; fileRef = 999820F323D7A52B00C58E82 /* Themes.swift */; };
		9998210223D7A52B00C58E82 /* Card.swift in Sources */ = {isa = PBXBuildFile; fileRef = 999820F423D7A52B00C58E82 /* Card.swift */; };
		9998210323D7A52B00C58E82 /* Configuration.swift in Sources */ = {isa = PBXBuildFile; fileRef = 999820F523D7A52B00C58E82 /* Configuration.swift */; };
		9998210423D7A52B00C58E82 /* ViewController.swift in Sources */ = {isa = PBXBuildFile; fileRef = 999820F723D7A52B00C58E82 /* ViewController.swift */; };
		9998210523D7A52B00C58E82 /* View.storyboard in Resources */ = {isa = PBXBuildFile; fileRef = 999820F823D7A52B00C58E82 /* View.storyboard */; };
		9998210623D7A52B00C58E82 /* UIColor+Colors.swift in Sources */ = {isa = PBXBuildFile; fileRef = 999820FA23D7A52B00C58E82 /* UIColor+Colors.swift */; };
		9998210723D7A52B00C58E82 /* String+StaticText.swift in Sources */ = {isa = PBXBuildFile; fileRef = 999820FB23D7A52B00C58E82 /* String+StaticText.swift */; };
		9998210823D7A52B00C58E82 /* Int+Numbers.swift in Sources */ = {isa = PBXBuildFile; fileRef = 999820FC23D7A52B00C58E82 /* Int+Numbers.swift */; };
/* End PBXBuildFile section */

/* Begin PBXFileReference section */
		00F2476F2232B156001639AE /* Concentration.app */ = {isa = PBXFileReference; explicitFileType = wrapper.application; includeInIndex = 0; path = Concentration.app; sourceTree = BUILT_PRODUCTS_DIR; };
		994FB00923D4F3FC000AB849 /* Info.plist */ = {isa = PBXFileReference; fileEncoding = 4; lastKnownFileType = text.plist.xml; path = Info.plist; sourceTree = "<group>"; };
		999820EE23D7A52B00C58E82 /* LaunchScreen.storyboard */ = {isa = PBXFileReference; fileEncoding = 4; lastKnownFileType = file.storyboard; path = LaunchScreen.storyboard; sourceTree = "<group>"; };
		999820EF23D7A52B00C58E82 /* Assets.xcassets */ = {isa = PBXFileReference; lastKnownFileType = folder.assetcatalog; path = Assets.xcassets; sourceTree = "<group>"; };
		999820F023D7A52B00C58E82 /* AppDelegate.swift */ = {isa = PBXFileReference; fileEncoding = 4; lastKnownFileType = sourcecode.swift; path = AppDelegate.swift; sourceTree = "<group>"; };
		999820F223D7A52B00C58E82 /* Concentration.swift */ = {isa = PBXFileReference; fileEncoding = 4; lastKnownFileType = sourcecode.swift; path = Concentration.swift; sourceTree = "<group>"; };
		999820F323D7A52B00C58E82 /* Themes.swift */ = {isa = PBXFileReference; fileEncoding = 4; lastKnownFileType = sourcecode.swift; path = Themes.swift; sourceTree = "<group>"; };
		999820F423D7A52B00C58E82 /* Card.swift */ = {isa = PBXFileReference; fileEncoding = 4; lastKnownFileType = sourcecode.swift; path = Card.swift; sourceTree = "<group>"; };
		999820F523D7A52B00C58E82 /* Configuration.swift */ = {isa = PBXFileReference; fileEncoding = 4; lastKnownFileType = sourcecode.swift; path = Configuration.swift; sourceTree = "<group>"; };
		999820F723D7A52B00C58E82 /* ViewController.swift */ = {isa = PBXFileReference; fileEncoding = 4; lastKnownFileType = sourcecode.swift; path = ViewController.swift; sourceTree = "<group>"; };
		999820F823D7A52B00C58E82 /* View.storyboard */ = {isa = PBXFileReference; fileEncoding = 4; lastKnownFileType = file.storyboard; path = View.storyboard; sourceTree = "<group>"; };
		999820FA23D7A52B00C58E82 /* UIColor+Colors.swift */ = {isa = PBXFileReference; fileEncoding = 4; lastKnownFileType = sourcecode.swift; path = "UIColor+Colors.swift"; sourceTree = "<group>"; };
		999820FB23D7A52B00C58E82 /* String+StaticText.swift */ = {isa = PBXFileReference; fileEncoding = 4; lastKnownFileType = sourcecode.swift; path = "String+StaticText.swift"; sourceTree = "<group>"; };
		999820FC23D7A52B00C58E82 /* Int+Numbers.swift */ = {isa = PBXFileReference; fileEncoding = 4; lastKnownFileType = sourcecode.swift; path = "Int+Numbers.swift"; sourceTree = "<group>"; };
/* End PBXFileReference section */

/* Begin PBXFrameworksBuildPhase section */
		00F2476C2232B156001639AE /* Frameworks */ = {
			isa = PBXFrameworksBuildPhase;
			buildActionMask = 2147483647;
			files = (
			);
			runOnlyForDeploymentPostprocessing = 0;
		};
/* End PBXFrameworksBuildPhase section */

/* Begin PBXGroup section */
		00F247662232B156001639AE = {
			isa = PBXGroup;
			children = (
				994FAFF823D4F3FB000AB849 /* Concentration */,
				994FB01723D4F404000AB849 /* Resources */,
				00F247702232B156001639AE /* Products */,
			);
			sourceTree = "<group>";
		};
		00F247702232B156001639AE /* Products */ = {
			isa = PBXGroup;
			children = (
				00F2476F2232B156001639AE /* Concentration.app */,
			);
			name = Products;
			sourceTree = "<group>";
		};
		994FAFF823D4F3FB000AB849 /* Concentration */ = {
			isa = PBXGroup;
			children = (
				999820F923D7A52B00C58E82 /* Extensions */,
				999820F123D7A52B00C58E82 /* Model */,
				999820ED23D7A52B00C58E82 /* Support */,
				999820F623D7A52B00C58E82 /* ViewControllers */,
			);
			name = Concentration;
			path = ../concentration/Concentration;
			sourceTree = "<group>";
		};
		994FB01723D4F404000AB849 /* Resources */ = {
			isa = PBXGroup;
			children = (
				994FB00923D4F3FC000AB849 /* Info.plist */,
			);
			path = Resources;
			sourceTree = "<group>";
		};
		999820ED23D7A52B00C58E82 /* Support */ = {
			isa = PBXGroup;
			children = (
				999820EE23D7A52B00C58E82 /* LaunchScreen.storyboard */,
				999820EF23D7A52B00C58E82 /* Assets.xcassets */,
				999820F023D7A52B00C58E82 /* AppDelegate.swift */,
			);
			name = Support;
			path = Concentration/Support;
			sourceTree = SOURCE_ROOT;
		};
		999820F123D7A52B00C58E82 /* Model */ = {
			isa = PBXGroup;
			children = (
				999820F223D7A52B00C58E82 /* Concentration.swift */,
				999820F323D7A52B00C58E82 /* Themes.swift */,
				999820F423D7A52B00C58E82 /* Card.swift */,
				999820F523D7A52B00C58E82 /* Configuration.swift */,
			);
			name = Model;
			path = Concentration/Model;
			sourceTree = SOURCE_ROOT;
		};
		999820F623D7A52B00C58E82 /* ViewControllers */ = {
			isa = PBXGroup;
			children = (
				999820F723D7A52B00C58E82 /* ViewController.swift */,
				999820F823D7A52B00C58E82 /* View.storyboard */,
			);
			name = ViewControllers;
			path = Concentration/ViewControllers;
			sourceTree = SOURCE_ROOT;
		};
		999820F923D7A52B00C58E82 /* Extensions */ = {
			isa = PBXGroup;
			children = (
				999820FA23D7A52B00C58E82 /* UIColor+Colors.swift */,
				999820FB23D7A52B00C58E82 /* String+StaticText.swift */,
				999820FC23D7A52B00C58E82 /* Int+Numbers.swift */,
			);
			name = Extensions;
			path = Concentration/Extensions;
			sourceTree = SOURCE_ROOT;
		};
/* End PBXGroup section */

/* Begin PBXNativeTarget section */
		00F2476E2232B156001639AE /* Concentration */ = {
			isa = PBXNativeTarget;
			buildConfigurationList = 00F247812232B15D001639AE /* Build configuration list for PBXNativeTarget "Concentration" */;
			buildPhases = (
				00F2476B2232B156001639AE /* Sources */,
				00F2476C2232B156001639AE /* Frameworks */,
				00F2476D2232B156001639AE /* Resources */,
			);
			buildRules = (
			);
			dependencies = (
			);
			name = Concentration;
			productName = Concentration;
			productReference = 00F2476F2232B156001639AE /* Concentration.app */;
			productType = "com.apple.product-type.application";
		};
/* End PBXNativeTarget section */

/* Begin PBXProject section */
		00F247672232B156001639AE /* Project object */ = {
			isa = PBXProject;
			attributes = {
				LastSwiftUpdateCheck = 1010;
				LastUpgradeCheck = 1010;
				ORGANIZATIONNAME = "Vlad Tarasevich";
				TargetAttributes = {
					00F2476E2232B156001639AE = {
						CreatedOnToolsVersion = 10.1;
						LastSwiftMigration = 1120;
					};
				};
			};
			buildConfigurationList = 00F2476A2232B156001639AE /* Build configuration list for PBXProject "Concentration" */;
			compatibilityVersion = "Xcode 9.3";
			developmentRegion = en;
			hasScannedForEncodings = 0;
			knownRegions = (
				en,
				Base,
			);
			mainGroup = 00F247662232B156001639AE;
			productRefGroup = 00F247702232B156001639AE /* Products */;
			projectDirPath = "";
			projectRoot = "";
			targets = (
				00F2476E2232B156001639AE /* Concentration */,
			);
		};
/* End PBXProject section */

/* Begin PBXResourcesBuildPhase section */
		00F2476D2232B156001639AE /* Resources */ = {
			isa = PBXResourcesBuildPhase;
			buildActionMask = 2147483647;
			files = (
				999820FE23D7A52B00C58E82 /* Assets.xcassets in Resources */,
				9998210523D7A52B00C58E82 /* View.storyboard in Resources */,
				999820FD23D7A52B00C58E82 /* LaunchScreen.storyboard in Resources */,
			);
			runOnlyForDeploymentPostprocessing = 0;
		};
/* End PBXResourcesBuildPhase section */

/* Begin PBXSourcesBuildPhase section */
		00F2476B2232B156001639AE /* Sources */ = {
			isa = PBXSourcesBuildPhase;
			buildActionMask = 2147483647;
			files = (
				9998210423D7A52B00C58E82 /* ViewController.swift in Sources */,
				9998210723D7A52B00C58E82 /* String+StaticText.swift in Sources */,
				9998210823D7A52B00C58E82 /* Int+Numbers.swift in Sources */,
				999820FF23D7A52B00C58E82 /* AppDelegate.swift in Sources */,
				9998210323D7A52B00C58E82 /* Configuration.swift in Sources */,
				9998210623D7A52B00C58E82 /* UIColor+Colors.swift in Sources */,
				9998210123D7A52B00C58E82 /* Themes.swift in Sources */,
				9998210023D7A52B00C58E82 /* Concentration.swift in Sources */,
				9998210223D7A52B00C58E82 /* Card.swift in Sources */,
			);
			runOnlyForDeploymentPostprocessing = 0;
		};
/* End PBXSourcesBuildPhase section */

/* Begin XCBuildConfiguration section */
		00F2477F2232B15D001639AE /* Debug */ = {
			isa = XCBuildConfiguration;
			buildSettings = {
				ALWAYS_SEARCH_USER_PATHS = NO;
				CLANG_ANALYZER_NONNULL = YES;
				CLANG_ANALYZER_NUMBER_OBJECT_CONVERSION = YES_AGGRESSIVE;
				CLANG_CXX_LANGUAGE_STANDARD = "gnu++14";
				CLANG_CXX_LIBRARY = "libc++";
				CLANG_ENABLE_MODULES = YES;
				CLANG_ENABLE_OBJC_ARC = YES;
				CLANG_ENABLE_OBJC_WEAK = YES;
				CLANG_WARN_BLOCK_CAPTURE_AUTORELEASING = YES;
				CLANG_WARN_BOOL_CONVERSION = YES;
				CLANG_WARN_COMMA = YES;
				CLANG_WARN_CONSTANT_CONVERSION = YES;
				CLANG_WARN_DEPRECATED_OBJC_IMPLEMENTATIONS = YES;
				CLANG_WARN_DIRECT_OBJC_ISA_USAGE = YES_ERROR;
				CLANG_WARN_DOCUMENTATION_COMMENTS = YES;
				CLANG_WARN_EMPTY_BODY = YES;
				CLANG_WARN_ENUM_CONVERSION = YES;
				CLANG_WARN_INFINITE_RECURSION = YES;
				CLANG_WARN_INT_CONVERSION = YES;
				CLANG_WARN_NON_LITERAL_NULL_CONVERSION = YES;
				CLANG_WARN_OBJC_IMPLICIT_RETAIN_SELF = YES;
				CLANG_WARN_OBJC_LITERAL_CONVERSION = YES;
				CLANG_WARN_OBJC_ROOT_CLASS = YES_ERROR;
				CLANG_WARN_RANGE_LOOP_ANALYSIS = YES;
				CLANG_WARN_STRICT_PROTOTYPES = YES;
				CLANG_WARN_SUSPICIOUS_MOVE = YES;
				CLANG_WARN_UNGUARDED_AVAILABILITY = YES_AGGRESSIVE;
				CLANG_WARN_UNREACHABLE_CODE = YES;
				CLANG_WARN__DUPLICATE_METHOD_MATCH = YES;
				CODE_SIGN_IDENTITY = "iPhone Developer";
				COPY_PHASE_STRIP = NO;
				DEBUG_INFORMATION_FORMAT = dwarf;
				ENABLE_STRICT_OBJC_MSGSEND = YES;
				ENABLE_TESTABILITY = YES;
				GCC_C_LANGUAGE_STANDARD = gnu11;
				GCC_DYNAMIC_NO_PIC = NO;
				GCC_NO_COMMON_BLOCKS = YES;
				GCC_OPTIMIZATION_LEVEL = 0;
				GCC_PREPROCESSOR_DEFINITIONS = (
					"DEBUG=1",
					"$(inherited)",
				);
				GCC_WARN_64_TO_32_BIT_CONVERSION = YES;
				GCC_WARN_ABOUT_RETURN_TYPE = YES_ERROR;
				GCC_WARN_UNDECLARED_SELECTOR = YES;
				GCC_WARN_UNINITIALIZED_AUTOS = YES_AGGRESSIVE;
				GCC_WARN_UNUSED_FUNCTION = YES;
				GCC_WARN_UNUSED_VARIABLE = YES;
				IPHONEOS_DEPLOYMENT_TARGET = 11.2;
				MTL_ENABLE_DEBUG_INFO = INCLUDE_SOURCE;
				MTL_FAST_MATH = YES;
				ONLY_ACTIVE_ARCH = YES;
				SDKROOT = iphoneos;
				SWIFT_ACTIVE_COMPILATION_CONDITIONS = DEBUG;
				SWIFT_OPTIMIZATION_LEVEL = "-Onone";
			};
			name = Debug;
		};
		00F247802232B15D001639AE /* Release */ = {
			isa = XCBuildConfiguration;
			buildSettings = {
				ALWAYS_SEARCH_USER_PATHS = NO;
				CLANG_ANALYZER_NONNULL = YES;
				CLANG_ANALYZER_NUMBER_OBJECT_CONVERSION = YES_AGGRESSIVE;
				CLANG_CXX_LANGUAGE_STANDARD = "gnu++14";
				CLANG_CXX_LIBRARY = "libc++";
				CLANG_ENABLE_MODULES = YES;
				CLANG_ENABLE_OBJC_ARC = YES;
				CLANG_ENABLE_OBJC_WEAK = YES;
				CLANG_WARN_BLOCK_CAPTURE_AUTORELEASING = YES;
				CLANG_WARN_BOOL_CONVERSION = YES;
				CLANG_WARN_COMMA = YES;
				CLANG_WARN_CONSTANT_CONVERSION = YES;
				CLANG_WARN_DEPRECATED_OBJC_IMPLEMENTATIONS = YES;
				CLANG_WARN_DIRECT_OBJC_ISA_USAGE = YES_ERROR;
				CLANG_WARN_DOCUMENTATION_COMMENTS = YES;
				CLANG_WARN_EMPTY_BODY = YES;
				CLANG_WARN_ENUM_CONVERSION = YES;
				CLANG_WARN_INFINITE_RECURSION = YES;
				CLANG_WARN_INT_CONVERSION = YES;
				CLANG_WARN_NON_LITERAL_NULL_CONVERSION = YES;
				CLANG_WARN_OBJC_IMPLICIT_RETAIN_SELF = YES;
				CLANG_WARN_OBJC_LITERAL_CONVERSION = YES;
				CLANG_WARN_OBJC_ROOT_CLASS = YES_ERROR;
				CLANG_WARN_RANGE_LOOP_ANALYSIS = YES;
				CLANG_WARN_STRICT_PROTOTYPES = YES;
				CLANG_WARN_SUSPICIOUS_MOVE = YES;
				CLANG_WARN_UNGUARDED_AVAILABILITY = YES_AGGRESSIVE;
				CLANG_WARN_UNREACHABLE_CODE = YES;
				CLANG_WARN__DUPLICATE_METHOD_MATCH = YES;
				CODE_SIGN_IDENTITY = "iPhone Developer";
				COPY_PHASE_STRIP = NO;
				DEBUG_INFORMATION_FORMAT = "dwarf-with-dsym";
				ENABLE_NS_ASSERTIONS = NO;
				ENABLE_STRICT_OBJC_MSGSEND = YES;
				GCC_C_LANGUAGE_STANDARD = gnu11;
				GCC_NO_COMMON_BLOCKS = YES;
				GCC_WARN_64_TO_32_BIT_CONVERSION = YES;
				GCC_WARN_ABOUT_RETURN_TYPE = YES_ERROR;
				GCC_WARN_UNDECLARED_SELECTOR = YES;
				GCC_WARN_UNINITIALIZED_AUTOS = YES_AGGRESSIVE;
				GCC_WARN_UNUSED_FUNCTION = YES;
				GCC_WARN_UNUSED_VARIABLE = YES;
				IPHONEOS_DEPLOYMENT_TARGET = 11.2;
				MTL_ENABLE_DEBUG_INFO = NO;
				MTL_FAST_MATH = YES;
				SDKROOT = iphoneos;
				SWIFT_COMPILATION_MODE = wholemodule;
				SWIFT_OPTIMIZATION_LEVEL = "-O";
				VALIDATE_PRODUCT = YES;
			};
			name = Release;
		};
		00F247822232B15D001639AE /* Debug */ = {
			isa = XCBuildConfiguration;
			buildSettings = {
				ASSETCATALOG_COMPILER_APPICON_NAME = AppIcon;
				CODE_SIGN_IDENTITY = "iPhone Developer";
				CODE_SIGN_STYLE = Automatic;
				DEVELOPMENT_TEAM = ZPNFSD9RWC;
				INFOPLIST_FILE = Resources/Info.plist;
				IPHONEOS_DEPLOYMENT_TARGET = 10.3;
				LD_RUNPATH_SEARCH_PATHS = (
					"$(inherited)",
					"@executable_path/Frameworks",
				);
				MARKETING_VERSION = 1.0.0.0;
				PRODUCT_BUNDLE_IDENTIFIER = vstarasevich.Concentration;
				PRODUCT_NAME = "$(TARGET_NAME)";
				PROVISIONING_PROFILE_SPECIFIER = "";
				SWIFT_VERSION = 5.0;
				TARGETED_DEVICE_FAMILY = "1,2";
			};
			name = Debug;
		};
		00F247832232B15D001639AE /* Release */ = {
			isa = XCBuildConfiguration;
			buildSettings = {
				ASSETCATALOG_COMPILER_APPICON_NAME = AppIcon;
				CODE_SIGN_IDENTITY = "iPhone Developer";
				CODE_SIGN_STYLE = Automatic;
				DEVELOPMENT_TEAM = ZPNFSD9RWC;
				INFOPLIST_FILE = Resources/Info.plist;
				IPHONEOS_DEPLOYMENT_TARGET = 10.3;
				LD_RUNPATH_SEARCH_PATHS = (
					"$(inherited)",
					"@executable_path/Frameworks",
				);
				MARKETING_VERSION = 1.0.0.0;
				PRODUCT_BUNDLE_IDENTIFIER = vstarasevich.Concentration;
				PRODUCT_NAME = "$(TARGET_NAME)";
				PROVISIONING_PROFILE_SPECIFIER = "";
				SWIFT_VERSION = 5.0;
				TARGETED_DEVICE_FAMILY = "1,2";
			};
			name = Release;
		};
/* End XCBuildConfiguration section */

/* Begin XCConfigurationList section */
		00F2476A2232B156001639AE /* Build configuration list for PBXProject "Concentration" */ = {
			isa = XCConfigurationList;
			buildConfigurations = (
				00F2477F2232B15D001639AE /* Debug */,
				00F247802232B15D001639AE /* Release */,
			);
			defaultConfigurationIsVisible = 0;
			defaultConfigurationName = Release;
		};
		00F247812232B15D001639AE /* Build configuration list for PBXNativeTarget "Concentration" */ = {
			isa = XCConfigurationList;
			buildConfigurations = (
				00F247822232B15D001639AE /* Debug */,
				00F247832232B15D001639AE /* Release */,
			);
			defaultConfigurationIsVisible = 0;
			defaultConfigurationName = Release;
		};
/* End XCConfigurationList section */
	};
	rootObject = 00F247672232B156001639AE /* Project object */;
}
